
Microsoft Visual Studio Solution File, Format Version 12.00
# Visual Studio Version 16
VisualStudioVersion = 16.0.31019.35
MinimumVisualStudioVersion = 10.0.40219.1
Project("{FAE04EC0-301F-11D3-BF4B-00C04F79EFBC}") = "LfvbNavegador", "LfvbNavegador.csproj", "{54CC2B5E-79F7-4CC1-99C9-3AE0C4CD33F5}"
EndProject
Global
	GlobalSection(SolutionConfigurationPlatforms) = preSolution
		Debug|Any CPU = Debug|Any CPU
		Release|Any CPU = Release|Any CPU
	EndGlobalSection
	GlobalSection(ProjectConfigurationPlatforms) = postSolution
		{54CC2B5E-79F7-4CC1-99C9-3AE0C4CD33F5}.Debug|Any CPU.ActiveCfg = Debug|Any CPU
		{54CC2B5E-79F7-4CC1-99C9-3AE0C4CD33F5}.Debug|Any CPU.Build.0 = Debug|Any CPU
		{54CC2B5E-79F7-4CC1-99C9-3AE0C4CD33F5}.Release|Any CPU.ActiveCfg = Release|Any CPU
		{54CC2B5E-79F7-4CC1-99C9-3AE0C4CD33F5}.Release|Any CPU.Build.0 = Release|Any CPU
	EndGlobalSection
	GlobalSection(SolutionProperties) = preSolution
		HideSolutionNode = FALSE
	EndGlobalSection
	GlobalSection(ExtensibilityGlobals) = postSolution
		SolutionGuid = {8AC11DA3-47B7-4F6C-AADD-942035B9E15F}
	EndGlobalSection
EndGlobal
